{
  "object": {
    "pins": [
      {
        "package": "SwiftFilter",
        "repositoryURL": "https://github.com/SleekDiamond41/Filter.git",
        "state": {
          "branch": null,
          "revision": "c9232d2b47c6db203103e64c6241e328c78a7337",
          "version": "0.0.11"
        }
      }
    ]
  },
  "version": 1
}
