{
  "object": {
    "pins": [
      {
        "package": "SwiftFilter",
        "repositoryURL": "https://github.com/SleekDiamond41/Filter.git",
        "state": {
          "branch": null,
          "revision": "ec85e0f0c438833fb9df688c0930c788f5054654",
          "version": "0.0.8"
        }
      }
    ]
  },
  "version": 1
}
